
Microsoft Visual Studio Solution File, Format Version 12.00
# Visual Studio Version 16
VisualStudioVersion = 16.0.31624.102
MinimumVisualStudioVersion = 10.0.40219.1
Project("{FAE04EC0-301F-11D3-BF4B-00C04F79EFBC}") = "Lab1Netd", "LAB1.NETD2\Lab1Netd.csproj", "{72A92FDC-D279-4E8C-8100-1C662EDA3489}"
EndProject
Global
	GlobalSection(SolutionConfigurationPlatforms) = preSolution
		Debug|Any CPU = Debug|Any CPU
		Release|Any CPU = Release|Any CPU
	EndGlobalSection
	GlobalSection(ProjectConfigurationPlatforms) = postSolution
		{72A92FDC-D279-4E8C-8100-1C662EDA3489}.Debug|Any CPU.ActiveCfg = Debug|Any CPU
		{72A92FDC-D279-4E8C-8100-1C662EDA3489}.Debug|Any CPU.Build.0 = Debug|Any CPU
		{72A92FDC-D279-4E8C-8100-1C662EDA3489}.Release|Any CPU.ActiveCfg = Release|Any CPU
		{72A92FDC-D279-4E8C-8100-1C662EDA3489}.Release|Any CPU.Build.0 = Release|Any CPU
	EndGlobalSection
	GlobalSection(SolutionProperties) = preSolution
		HideSolutionNode = FALSE
	EndGlobalSection
	GlobalSection(ExtensibilityGlobals) = postSolution
		SolutionGuid = {795EBC9F-5F0D-4D9C-9D97-FA634939E875}
	EndGlobalSection
EndGlobal
