
Microsoft Visual Studio Solution File, Format Version 12.00
# Visual Studio Version 16
VisualStudioVersion = 16.0.30717.126
MinimumVisualStudioVersion = 10.0.40219.1
Project("{9A19103F-16F7-4668-BE54-9A1E7A4F7556}") = "PieceWorkWorkerAspMvc08", "PieceWorkWorkerAspMvc08.csproj", "{B08CCF1C-D6AA-4B7D-A993-42EA34D71869}"
EndProject
Global
	GlobalSection(SolutionConfigurationPlatforms) = preSolution
		Debug|Any CPU = Debug|Any CPU
		Release|Any CPU = Release|Any CPU
	EndGlobalSection
	GlobalSection(ProjectConfigurationPlatforms) = postSolution
		{B08CCF1C-D6AA-4B7D-A993-42EA34D71869}.Debug|Any CPU.ActiveCfg = Debug|Any CPU
		{B08CCF1C-D6AA-4B7D-A993-42EA34D71869}.Debug|Any CPU.Build.0 = Debug|Any CPU
		{B08CCF1C-D6AA-4B7D-A993-42EA34D71869}.Release|Any CPU.ActiveCfg = Release|Any CPU
		{B08CCF1C-D6AA-4B7D-A993-42EA34D71869}.Release|Any CPU.Build.0 = Release|Any CPU
	EndGlobalSection
	GlobalSection(SolutionProperties) = preSolution
		HideSolutionNode = FALSE
	EndGlobalSection
	GlobalSection(ExtensibilityGlobals) = postSolution
		SolutionGuid = {E1D0F9F9-6DBE-413D-8DED-7EF75BB0B07E}
	EndGlobalSection
EndGlobal
